// !$*UTF8*$!
{
	archiveVersion = 1;
	classes = {
	};
	objectVersion = 56;
	objects = {

/* Begin PBXBuildFile section */
		602D469828FEF2EF0016F90A /* SearchBarView.swift in Sources */ = {isa = PBXBuildFile; fileRef = 602D469728FEF2EF0016F90A /* SearchBarView.swift */; };
		602D469A28FEF5C90016F90A /* UIApplication.swift in Sources */ = {isa = PBXBuildFile; fileRef = 602D469928FEF5C90016F90A /* UIApplication.swift */; };
		602D469C28FFC3C10016F90A /* StatisticModel.swift in Sources */ = {isa = PBXBuildFile; fileRef = 602D469B28FFC3C10016F90A /* StatisticModel.swift */; };
		602D469E28FFC4470016F90A /* StatisticView.swift in Sources */ = {isa = PBXBuildFile; fileRef = 602D469D28FFC4470016F90A /* StatisticView.swift */; };
		602D46A028FFC57F0016F90A /* HomeStatsView.swift in Sources */ = {isa = PBXBuildFile; fileRef = 602D469F28FFC57F0016F90A /* HomeStatsView.swift */; };
		602D46A228FFCCBA0016F90A /* MarketDataModel.swift in Sources */ = {isa = PBXBuildFile; fileRef = 602D46A128FFCCBA0016F90A /* MarketDataModel.swift */; };
		602D46A428FFCCD40016F90A /* MarketDataService.swift in Sources */ = {isa = PBXBuildFile; fileRef = 602D46A328FFCCD40016F90A /* MarketDataService.swift */; };
		602D46A62900334C0016F90A /* PortfolioView.swift in Sources */ = {isa = PBXBuildFile; fileRef = 602D46A52900334C0016F90A /* PortfolioView.swift */; };
		602D46AA290036390016F90A /* XMarkButton.swift in Sources */ = {isa = PBXBuildFile; fileRef = 602D46A9290036390016F90A /* XMarkButton.swift */; };
		602D46AC2900366D0016F90A /* CoinLogoView.swift in Sources */ = {isa = PBXBuildFile; fileRef = 602D46AB2900366D0016F90A /* CoinLogoView.swift */; };
		602D46B1290174230016F90A /* PortfolioDataService.swift in Sources */ = {isa = PBXBuildFile; fileRef = 602D46B0290174230016F90A /* PortfolioDataService.swift */; };
		602D46B4290179900016F90A /* PortfolioContainer.xcdatamodeld in Sources */ = {isa = PBXBuildFile; fileRef = 602D46B2290179900016F90A /* PortfolioContainer.xcdatamodeld */; };
		60A5D2B528FABC680000B7CA /* CryptoTrackerApp.swift in Sources */ = {isa = PBXBuildFile; fileRef = 60A5D2B428FABC680000B7CA /* CryptoTrackerApp.swift */; };
		60A5D2B728FABC680000B7CA /* ContentView.swift in Sources */ = {isa = PBXBuildFile; fileRef = 60A5D2B628FABC680000B7CA /* ContentView.swift */; };
		60A5D2B928FABC690000B7CA /* Assets.xcassets in Resources */ = {isa = PBXBuildFile; fileRef = 60A5D2B828FABC690000B7CA /* Assets.xcassets */; };
		60A5D2BC28FABC690000B7CA /* Preview Assets.xcassets in Resources */ = {isa = PBXBuildFile; fileRef = 60A5D2BB28FABC690000B7CA /* Preview Assets.xcassets */; };
		60A6106E28FD6FE10094C1AA /* LocalFileManager.swift in Sources */ = {isa = PBXBuildFile; fileRef = 60A6106D28FD6FE10094C1AA /* LocalFileManager.swift */; };
		60D894F328FAC1C2001D1B6A /* Color.swift in Sources */ = {isa = PBXBuildFile; fileRef = 60D894F228FAC1C2001D1B6A /* Color.swift */; };
		60D894F928FAC2F0001D1B6A /* HomeView.swift in Sources */ = {isa = PBXBuildFile; fileRef = 60D894F828FAC2F0001D1B6A /* HomeView.swift */; };
		60D894FD28FAC420001D1B6A /* CircleButtonView.swift in Sources */ = {isa = PBXBuildFile; fileRef = 60D894FC28FAC420001D1B6A /* CircleButtonView.swift */; };
		60D894FF28FAC898001D1B6A /* CircleButtonAnimationView.swift in Sources */ = {isa = PBXBuildFile; fileRef = 60D894FE28FAC898001D1B6A /* CircleButtonAnimationView.swift */; };
		60D8950228FAF3B1001D1B6A /* CoinModel.swift in Sources */ = {isa = PBXBuildFile; fileRef = 60D8950128FAF3B1001D1B6A /* CoinModel.swift */; };
		60D8950428FAF5CA001D1B6A /* CoinRowView.swift in Sources */ = {isa = PBXBuildFile; fileRef = 60D8950328FAF5CA001D1B6A /* CoinRowView.swift */; };
		60D8950628FAF61B001D1B6A /* PreviewProvider.swift in Sources */ = {isa = PBXBuildFile; fileRef = 60D8950528FAF61B001D1B6A /* PreviewProvider.swift */; };
		60D8950828FAF789001D1B6A /* Double.swift in Sources */ = {isa = PBXBuildFile; fileRef = 60D8950728FAF789001D1B6A /* Double.swift */; };
		60D8950A28FAFE6B001D1B6A /* HomeViewModel.swift in Sources */ = {isa = PBXBuildFile; fileRef = 60D8950928FAFE6B001D1B6A /* HomeViewModel.swift */; };
		60D8950D28FC431E001D1B6A /* CoinDataService.swift in Sources */ = {isa = PBXBuildFile; fileRef = 60D8950C28FC431E001D1B6A /* CoinDataService.swift */; };
		60D8951028FD210E001D1B6A /* NetworkingManager.swift in Sources */ = {isa = PBXBuildFile; fileRef = 60D8950F28FD210E001D1B6A /* NetworkingManager.swift */; };
		60D8951328FD2A88001D1B6A /* CoinImageView.swift in Sources */ = {isa = PBXBuildFile; fileRef = 60D8951228FD2A88001D1B6A /* CoinImageView.swift */; };
		60D8951528FD2D93001D1B6A /* CoinImageService.swift in Sources */ = {isa = PBXBuildFile; fileRef = 60D8951428FD2D93001D1B6A /* CoinImageService.swift */; };
		60D8951728FD2F38001D1B6A /* CoinImageViewModel.swift in Sources */ = {isa = PBXBuildFile; fileRef = 60D8951628FD2F38001D1B6A /* CoinImageViewModel.swift */; };
/* End PBXBuildFile section */

/* Begin PBXFileReference section */
		602D469728FEF2EF0016F90A /* SearchBarView.swift */ = {isa = PBXFileReference; lastKnownFileType = sourcecode.swift; path = SearchBarView.swift; sourceTree = "<group>"; };
		602D469928FEF5C90016F90A /* UIApplication.swift */ = {isa = PBXFileReference; lastKnownFileType = sourcecode.swift; path = UIApplication.swift; sourceTree = "<group>"; };
		602D469B28FFC3C10016F90A /* StatisticModel.swift */ = {isa = PBXFileReference; lastKnownFileType = sourcecode.swift; path = StatisticModel.swift; sourceTree = "<group>"; };
		602D469D28FFC4470016F90A /* StatisticView.swift */ = {isa = PBXFileReference; lastKnownFileType = sourcecode.swift; path = StatisticView.swift; sourceTree = "<group>"; };
		602D469F28FFC57F0016F90A /* HomeStatsView.swift */ = {isa = PBXFileReference; lastKnownFileType = sourcecode.swift; path = HomeStatsView.swift; sourceTree = "<group>"; };
		602D46A128FFCCBA0016F90A /* MarketDataModel.swift */ = {isa = PBXFileReference; lastKnownFileType = sourcecode.swift; path = MarketDataModel.swift; sourceTree = "<group>"; };
		602D46A328FFCCD40016F90A /* MarketDataService.swift */ = {isa = PBXFileReference; lastKnownFileType = sourcecode.swift; path = MarketDataService.swift; sourceTree = "<group>"; };
		602D46A52900334C0016F90A /* PortfolioView.swift */ = {isa = PBXFileReference; lastKnownFileType = sourcecode.swift; path = PortfolioView.swift; sourceTree = "<group>"; };
		602D46A9290036390016F90A /* XMarkButton.swift */ = {isa = PBXFileReference; lastKnownFileType = sourcecode.swift; path = XMarkButton.swift; sourceTree = "<group>"; };
		602D46AB2900366D0016F90A /* CoinLogoView.swift */ = {isa = PBXFileReference; lastKnownFileType = sourcecode.swift; path = CoinLogoView.swift; sourceTree = "<group>"; };
		602D46B0290174230016F90A /* PortfolioDataService.swift */ = {isa = PBXFileReference; lastKnownFileType = sourcecode.swift; path = PortfolioDataService.swift; sourceTree = "<group>"; };
		602D46B3290179900016F90A /* PortfolioContainer.xcdatamodel */ = {isa = PBXFileReference; lastKnownFileType = wrapper.xcdatamodel; path = PortfolioContainer.xcdatamodel; sourceTree = "<group>"; };
		60A5D2B128FABC680000B7CA /* CryptoTracker.app */ = {isa = PBXFileReference; explicitFileType = wrapper.application; includeInIndex = 0; path = CryptoTracker.app; sourceTree = BUILT_PRODUCTS_DIR; };
		60A5D2B428FABC680000B7CA /* CryptoTrackerApp.swift */ = {isa = PBXFileReference; lastKnownFileType = sourcecode.swift; path = CryptoTrackerApp.swift; sourceTree = "<group>"; };
		60A5D2B628FABC680000B7CA /* ContentView.swift */ = {isa = PBXFileReference; lastKnownFileType = sourcecode.swift; path = ContentView.swift; sourceTree = "<group>"; };
		60A5D2B828FABC690000B7CA /* Assets.xcassets */ = {isa = PBXFileReference; lastKnownFileType = folder.assetcatalog; path = Assets.xcassets; sourceTree = "<group>"; };
		60A5D2BB28FABC690000B7CA /* Preview Assets.xcassets */ = {isa = PBXFileReference; lastKnownFileType = folder.assetcatalog; path = "Preview Assets.xcassets"; sourceTree = "<group>"; };
		60A6106D28FD6FE10094C1AA /* LocalFileManager.swift */ = {isa = PBXFileReference; lastKnownFileType = sourcecode.swift; path = LocalFileManager.swift; sourceTree = "<group>"; };
		60D894F228FAC1C2001D1B6A /* Color.swift */ = {isa = PBXFileReference; lastKnownFileType = sourcecode.swift; path = Color.swift; sourceTree = "<group>"; };
		60D894F828FAC2F0001D1B6A /* HomeView.swift */ = {isa = PBXFileReference; lastKnownFileType = sourcecode.swift; path = HomeView.swift; sourceTree = "<group>"; };
		60D894FC28FAC420001D1B6A /* CircleButtonView.swift */ = {isa = PBXFileReference; lastKnownFileType = sourcecode.swift; path = CircleButtonView.swift; sourceTree = "<group>"; };
		60D894FE28FAC898001D1B6A /* CircleButtonAnimationView.swift */ = {isa = PBXFileReference; lastKnownFileType = sourcecode.swift; path = CircleButtonAnimationView.swift; sourceTree = "<group>"; };
		60D8950128FAF3B1001D1B6A /* CoinModel.swift */ = {isa = PBXFileReference; lastKnownFileType = sourcecode.swift; path = CoinModel.swift; sourceTree = "<group>"; };
		60D8950328FAF5CA001D1B6A /* CoinRowView.swift */ = {isa = PBXFileReference; lastKnownFileType = sourcecode.swift; path = CoinRowView.swift; sourceTree = "<group>"; };
		60D8950528FAF61B001D1B6A /* PreviewProvider.swift */ = {isa = PBXFileReference; lastKnownFileType = sourcecode.swift; path = PreviewProvider.swift; sourceTree = "<group>"; };
		60D8950728FAF789001D1B6A /* Double.swift */ = {isa = PBXFileReference; lastKnownFileType = sourcecode.swift; path = Double.swift; sourceTree = "<group>"; };
		60D8950928FAFE6B001D1B6A /* HomeViewModel.swift */ = {isa = PBXFileReference; lastKnownFileType = sourcecode.swift; path = HomeViewModel.swift; sourceTree = "<group>"; };
		60D8950C28FC431E001D1B6A /* CoinDataService.swift */ = {isa = PBXFileReference; lastKnownFileType = sourcecode.swift; path = CoinDataService.swift; sourceTree = "<group>"; };
		60D8950F28FD210E001D1B6A /* NetworkingManager.swift */ = {isa = PBXFileReference; lastKnownFileType = sourcecode.swift; path = NetworkingManager.swift; sourceTree = "<group>"; };
		60D8951228FD2A88001D1B6A /* CoinImageView.swift */ = {isa = PBXFileReference; lastKnownFileType = sourcecode.swift; path = CoinImageView.swift; sourceTree = "<group>"; };
		60D8951428FD2D93001D1B6A /* CoinImageService.swift */ = {isa = PBXFileReference; lastKnownFileType = sourcecode.swift; path = CoinImageService.swift; sourceTree = "<group>"; };
		60D8951628FD2F38001D1B6A /* CoinImageViewModel.swift */ = {isa = PBXFileReference; lastKnownFileType = sourcecode.swift; path = CoinImageViewModel.swift; sourceTree = "<group>"; };
/* End PBXFileReference section */

/* Begin PBXFrameworksBuildPhase section */
		60A5D2AE28FABC680000B7CA /* Frameworks */ = {
			isa = PBXFrameworksBuildPhase;
			buildActionMask = 2147483647;
			files = (
			);
			runOnlyForDeploymentPostprocessing = 0;
		};
/* End PBXFrameworksBuildPhase section */

/* Begin PBXGroup section */
		60A5D2A828FABC680000B7CA = {
			isa = PBXGroup;
			children = (
				60A5D2B328FABC680000B7CA /* CryptoTracker */,
				60A5D2B228FABC680000B7CA /* Products */,
			);
			sourceTree = "<group>";
		};
		60A5D2B228FABC680000B7CA /* Products */ = {
			isa = PBXGroup;
			children = (
				60A5D2B128FABC680000B7CA /* CryptoTracker.app */,
			);
			name = Products;
			sourceTree = "<group>";
		};
		60A5D2B328FABC680000B7CA /* CryptoTracker */ = {
			isa = PBXGroup;
			children = (
				60D8950E28FD20F4001D1B6A /* Utilities */,
				60A5D2B428FABC680000B7CA /* CryptoTrackerApp.swift */,
				60D8950B28FC430D001D1B6A /* Services */,
				60D894F128FAC1B1001D1B6A /* Extensions */,
				60D8950028FAF394001D1B6A /* Models */,
				60D894F428FAC2CD001D1B6A /* Core */,
				60A5D2B628FABC680000B7CA /* ContentView.swift */,
				60A5D2B828FABC690000B7CA /* Assets.xcassets */,
				60A5D2BA28FABC690000B7CA /* Preview Content */,
			);
			path = CryptoTracker;
			sourceTree = "<group>";
		};
		60A5D2BA28FABC690000B7CA /* Preview Content */ = {
			isa = PBXGroup;
			children = (
				60A5D2BB28FABC690000B7CA /* Preview Assets.xcassets */,
			);
			path = "Preview Content";
			sourceTree = "<group>";
		};
		60D894F128FAC1B1001D1B6A /* Extensions */ = {
			isa = PBXGroup;
			children = (
				60D894F228FAC1C2001D1B6A /* Color.swift */,
				60D8950528FAF61B001D1B6A /* PreviewProvider.swift */,
				60D8950728FAF789001D1B6A /* Double.swift */,
				602D469928FEF5C90016F90A /* UIApplication.swift */,
			);
			path = Extensions;
			sourceTree = "<group>";
		};
		60D894F428FAC2CD001D1B6A /* Core */ = {
			isa = PBXGroup;
			children = (
				60D894FA28FAC40C001D1B6A /* Components */,
				60D894F528FAC2D7001D1B6A /* Home */,
			);
			path = Core;
			sourceTree = "<group>";
		};
		60D894F528FAC2D7001D1B6A /* Home */ = {
			isa = PBXGroup;
			children = (
				60D894F728FAC2E1001D1B6A /* ViewModels */,
				60D894F628FAC2DB001D1B6A /* Views */,
			);
			path = Home;
			sourceTree = "<group>";
		};
		60D894F628FAC2DB001D1B6A /* Views */ = {
			isa = PBXGroup;
			children = (
				60D894F828FAC2F0001D1B6A /* HomeView.swift */,
				60D8950328FAF5CA001D1B6A /* CoinRowView.swift */,
				602D469F28FFC57F0016F90A /* HomeStatsView.swift */,
				602D46A52900334C0016F90A /* PortfolioView.swift */,
			);
			path = Views;
			sourceTree = "<group>";
		};
		60D894F728FAC2E1001D1B6A /* ViewModels */ = {
			isa = PBXGroup;
			children = (
				60D8950928FAFE6B001D1B6A /* HomeViewModel.swift */,
			);
			path = ViewModels;
			sourceTree = "<group>";
		};
		60D894FA28FAC40C001D1B6A /* Components */ = {
			isa = PBXGroup;
			children = (
				60D8951128FD2A79001D1B6A /* CoinImage */,
				60D894FB28FAC412001D1B6A /* CircleButton */,
				602D469728FEF2EF0016F90A /* SearchBarView.swift */,
				602D469D28FFC4470016F90A /* StatisticView.swift */,
				602D46A9290036390016F90A /* XMarkButton.swift */,
			);
			path = Components;
			sourceTree = "<group>";
		};
		60D894FB28FAC412001D1B6A /* CircleButton */ = {
			isa = PBXGroup;
			children = (
				60D894FC28FAC420001D1B6A /* CircleButtonView.swift */,
				60D894FE28FAC898001D1B6A /* CircleButtonAnimationView.swift */,
			);
			path = CircleButton;
			sourceTree = "<group>";
		};
		60D8950028FAF394001D1B6A /* Models */ = {
			isa = PBXGroup;
			children = (
				60D8950128FAF3B1001D1B6A /* CoinModel.swift */,
				602D469B28FFC3C10016F90A /* StatisticModel.swift */,
				602D46A128FFCCBA0016F90A /* MarketDataModel.swift */,
				602D46B2290179900016F90A /* PortfolioContainer.xcdatamodeld */,
			);
			path = Models;
			sourceTree = "<group>";
		};
		60D8950B28FC430D001D1B6A /* Services */ = {
			isa = PBXGroup;
			children = (
				60D8950C28FC431E001D1B6A /* CoinDataService.swift */,
				60D8951428FD2D93001D1B6A /* CoinImageService.swift */,
				602D46A328FFCCD40016F90A /* MarketDataService.swift */,
				602D46B0290174230016F90A /* PortfolioDataService.swift */,
			);
			path = Services;
			sourceTree = "<group>";
		};
		60D8950E28FD20F4001D1B6A /* Utilities */ = {
			isa = PBXGroup;
			children = (
				60D8950F28FD210E001D1B6A /* NetworkingManager.swift */,
				60A6106D28FD6FE10094C1AA /* LocalFileManager.swift */,
			);
			path = Utilities;
			sourceTree = "<group>";
		};
		60D8951128FD2A79001D1B6A /* CoinImage */ = {
			isa = PBXGroup;
			children = (
				60D8951228FD2A88001D1B6A /* CoinImageView.swift */,
				60D8951628FD2F38001D1B6A /* CoinImageViewModel.swift */,
				602D46AB2900366D0016F90A /* CoinLogoView.swift */,
			);
			path = CoinImage;
			sourceTree = "<group>";
		};
/* End PBXGroup section */

/* Begin PBXNativeTarget section */
		60A5D2B028FABC680000B7CA /* CryptoTracker */ = {
			isa = PBXNativeTarget;
			buildConfigurationList = 60A5D2BF28FABC690000B7CA /* Build configuration list for PBXNativeTarget "CryptoTracker" */;
			buildPhases = (
				60A5D2AD28FABC680000B7CA /* Sources */,
				60A5D2AE28FABC680000B7CA /* Frameworks */,
				60A5D2AF28FABC680000B7CA /* Resources */,
			);
			buildRules = (
			);
			dependencies = (
			);
			name = CryptoTracker;
			productName = CryptoTracker;
			productReference = 60A5D2B128FABC680000B7CA /* CryptoTracker.app */;
			productType = "com.apple.product-type.application";
		};
/* End PBXNativeTarget section */

/* Begin PBXProject section */
		60A5D2A928FABC680000B7CA /* Project object */ = {
			isa = PBXProject;
			attributes = {
				BuildIndependentTargetsInParallel = 1;
				LastSwiftUpdateCheck = 1400;
				LastUpgradeCheck = 1400;
				TargetAttributes = {
					60A5D2B028FABC680000B7CA = {
						CreatedOnToolsVersion = 14.0.1;
					};
				};
			};
			buildConfigurationList = 60A5D2AC28FABC680000B7CA /* Build configuration list for PBXProject "CryptoTracker" */;
			compatibilityVersion = "Xcode 14.0";
			developmentRegion = en;
			hasScannedForEncodings = 0;
			knownRegions = (
				en,
				Base,
			);
			mainGroup = 60A5D2A828FABC680000B7CA;
			productRefGroup = 60A5D2B228FABC680000B7CA /* Products */;
			projectDirPath = "";
			projectRoot = "";
			targets = (
				60A5D2B028FABC680000B7CA /* CryptoTracker */,
			);
		};
/* End PBXProject section */

/* Begin PBXResourcesBuildPhase section */
		60A5D2AF28FABC680000B7CA /* Resources */ = {
			isa = PBXResourcesBuildPhase;
			buildActionMask = 2147483647;
			files = (
				60A5D2BC28FABC690000B7CA /* Preview Assets.xcassets in Resources */,
				60A5D2B928FABC690000B7CA /* Assets.xcassets in Resources */,
			);
			runOnlyForDeploymentPostprocessing = 0;
		};
/* End PBXResourcesBuildPhase section */

/* Begin PBXSourcesBuildPhase section */
		60A5D2AD28FABC680000B7CA /* Sources */ = {
			isa = PBXSourcesBuildPhase;
			buildActionMask = 2147483647;
			files = (
				602D469C28FFC3C10016F90A /* StatisticModel.swift in Sources */,
				60D8950D28FC431E001D1B6A /* CoinDataService.swift in Sources */,
				60D8950428FAF5CA001D1B6A /* CoinRowView.swift in Sources */,
				602D46AA290036390016F90A /* XMarkButton.swift in Sources */,
				60D8950A28FAFE6B001D1B6A /* HomeViewModel.swift in Sources */,
				60A5D2B728FABC680000B7CA /* ContentView.swift in Sources */,
				60A6106E28FD6FE10094C1AA /* LocalFileManager.swift in Sources */,
				602D46A228FFCCBA0016F90A /* MarketDataModel.swift in Sources */,
				60D894F928FAC2F0001D1B6A /* HomeView.swift in Sources */,
				602D469E28FFC4470016F90A /* StatisticView.swift in Sources */,
				60D8951328FD2A88001D1B6A /* CoinImageView.swift in Sources */,
				60A5D2B528FABC680000B7CA /* CryptoTrackerApp.swift in Sources */,
				602D469A28FEF5C90016F90A /* UIApplication.swift in Sources */,
				60D894FD28FAC420001D1B6A /* CircleButtonView.swift in Sources */,
				60D894F328FAC1C2001D1B6A /* Color.swift in Sources */,
				602D469828FEF2EF0016F90A /* SearchBarView.swift in Sources */,
				60D8951028FD210E001D1B6A /* NetworkingManager.swift in Sources */,
				602D46AC2900366D0016F90A /* CoinLogoView.swift in Sources */,
				602D46A028FFC57F0016F90A /* HomeStatsView.swift in Sources */,
				602D46A428FFCCD40016F90A /* MarketDataService.swift in Sources */,
				60D894FF28FAC898001D1B6A /* CircleButtonAnimationView.swift in Sources */,
				60D8951728FD2F38001D1B6A /* CoinImageViewModel.swift in Sources */,
				602D46B4290179900016F90A /* PortfolioContainer.xcdatamodeld in Sources */,
				60D8950628FAF61B001D1B6A /* PreviewProvider.swift in Sources */,
				602D46A62900334C0016F90A /* PortfolioView.swift in Sources */,
				60D8950828FAF789001D1B6A /* Double.swift in Sources */,
				60D8951528FD2D93001D1B6A /* CoinImageService.swift in Sources */,
				60D8950228FAF3B1001D1B6A /* CoinModel.swift in Sources */,
				602D46B1290174230016F90A /* PortfolioDataService.swift in Sources */,
			);
			runOnlyForDeploymentPostprocessing = 0;
		};
/* End PBXSourcesBuildPhase section */

/* Begin XCBuildConfiguration section */
		60A5D2BD28FABC690000B7CA /* Debug */ = {
			isa = XCBuildConfiguration;
			buildSettings = {
				ALWAYS_SEARCH_USER_PATHS = NO;
				CLANG_ANALYZER_NONNULL = YES;
				CLANG_ANALYZER_NUMBER_OBJECT_CONVERSION = YES_AGGRESSIVE;
				CLANG_CXX_LANGUAGE_STANDARD = "gnu++20";
				CLANG_ENABLE_MODULES = YES;
				CLANG_ENABLE_OBJC_ARC = YES;
				CLANG_ENABLE_OBJC_WEAK = YES;
				CLANG_WARN_BLOCK_CAPTURE_AUTORELEASING = YES;
				CLANG_WARN_BOOL_CONVERSION = YES;
				CLANG_WARN_COMMA = YES;
				CLANG_WARN_CONSTANT_CONVERSION = YES;
				CLANG_WARN_DEPRECATED_OBJC_IMPLEMENTATIONS = YES;
				CLANG_WARN_DIRECT_OBJC_ISA_USAGE = YES_ERROR;
				CLANG_WARN_DOCUMENTATION_COMMENTS = YES;
				CLANG_WARN_EMPTY_BODY = YES;
				CLANG_WARN_ENUM_CONVERSION = YES;
				CLANG_WARN_INFINITE_RECURSION = YES;
				CLANG_WARN_INT_CONVERSION = YES;
				CLANG_WARN_NON_LITERAL_NULL_CONVERSION = YES;
				CLANG_WARN_OBJC_IMPLICIT_RETAIN_SELF = YES;
				CLANG_WARN_OBJC_LITERAL_CONVERSION = YES;
				CLANG_WARN_OBJC_ROOT_CLASS = YES_ERROR;
				CLANG_WARN_QUOTED_INCLUDE_IN_FRAMEWORK_HEADER = YES;
				CLANG_WARN_RANGE_LOOP_ANALYSIS = YES;
				CLANG_WARN_STRICT_PROTOTYPES = YES;
				CLANG_WARN_SUSPICIOUS_MOVE = YES;
				CLANG_WARN_UNGUARDED_AVAILABILITY = YES_AGGRESSIVE;
				CLANG_WARN_UNREACHABLE_CODE = YES;
				CLANG_WARN__DUPLICATE_METHOD_MATCH = YES;
				COPY_PHASE_STRIP = NO;
				DEBUG_INFORMATION_FORMAT = dwarf;
				ENABLE_STRICT_OBJC_MSGSEND = YES;
				ENABLE_TESTABILITY = YES;
				GCC_C_LANGUAGE_STANDARD = gnu11;
				GCC_DYNAMIC_NO_PIC = NO;
				GCC_NO_COMMON_BLOCKS = YES;
				GCC_OPTIMIZATION_LEVEL = 0;
				GCC_PREPROCESSOR_DEFINITIONS = (
					"DEBUG=1",
					"$(inherited)",
				);
				GCC_WARN_64_TO_32_BIT_CONVERSION = YES;
				GCC_WARN_ABOUT_RETURN_TYPE = YES_ERROR;
				GCC_WARN_UNDECLARED_SELECTOR = YES;
				GCC_WARN_UNINITIALIZED_AUTOS = YES_AGGRESSIVE;
				GCC_WARN_UNUSED_FUNCTION = YES;
				GCC_WARN_UNUSED_VARIABLE = YES;
				IPHONEOS_DEPLOYMENT_TARGET = 16.0;
				MTL_ENABLE_DEBUG_INFO = INCLUDE_SOURCE;
				MTL_FAST_MATH = YES;
				ONLY_ACTIVE_ARCH = YES;
				SDKROOT = iphoneos;
				SWIFT_ACTIVE_COMPILATION_CONDITIONS = DEBUG;
				SWIFT_OPTIMIZATION_LEVEL = "-Onone";
			};
			name = Debug;
		};
		60A5D2BE28FABC690000B7CA /* Release */ = {
			isa = XCBuildConfiguration;
			buildSettings = {
				ALWAYS_SEARCH_USER_PATHS = NO;
				CLANG_ANALYZER_NONNULL = YES;
				CLANG_ANALYZER_NUMBER_OBJECT_CONVERSION = YES_AGGRESSIVE;
				CLANG_CXX_LANGUAGE_STANDARD = "gnu++20";
				CLANG_ENABLE_MODULES = YES;
				CLANG_ENABLE_OBJC_ARC = YES;
				CLANG_ENABLE_OBJC_WEAK = YES;
				CLANG_WARN_BLOCK_CAPTURE_AUTORELEASING = YES;
				CLANG_WARN_BOOL_CONVERSION = YES;
				CLANG_WARN_COMMA = YES;
				CLANG_WARN_CONSTANT_CONVERSION = YES;
				CLANG_WARN_DEPRECATED_OBJC_IMPLEMENTATIONS = YES;
				CLANG_WARN_DIRECT_OBJC_ISA_USAGE = YES_ERROR;
				CLANG_WARN_DOCUMENTATION_COMMENTS = YES;
				CLANG_WARN_EMPTY_BODY = YES;
				CLANG_WARN_ENUM_CONVERSION = YES;
				CLANG_WARN_INFINITE_RECURSION = YES;
				CLANG_WARN_INT_CONVERSION = YES;
				CLANG_WARN_NON_LITERAL_NULL_CONVERSION = YES;
				CLANG_WARN_OBJC_IMPLICIT_RETAIN_SELF = YES;
				CLANG_WARN_OBJC_LITERAL_CONVERSION = YES;
				CLANG_WARN_OBJC_ROOT_CLASS = YES_ERROR;
				CLANG_WARN_QUOTED_INCLUDE_IN_FRAMEWORK_HEADER = YES;
				CLANG_WARN_RANGE_LOOP_ANALYSIS = YES;
				CLANG_WARN_STRICT_PROTOTYPES = YES;
				CLANG_WARN_SUSPICIOUS_MOVE = YES;
				CLANG_WARN_UNGUARDED_AVAILABILITY = YES_AGGRESSIVE;
				CLANG_WARN_UNREACHABLE_CODE = YES;
				CLANG_WARN__DUPLICATE_METHOD_MATCH = YES;
				COPY_PHASE_STRIP = NO;
				DEBUG_INFORMATION_FORMAT = "dwarf-with-dsym";
				ENABLE_NS_ASSERTIONS = NO;
				ENABLE_STRICT_OBJC_MSGSEND = YES;
				GCC_C_LANGUAGE_STANDARD = gnu11;
				GCC_NO_COMMON_BLOCKS = YES;
				GCC_WARN_64_TO_32_BIT_CONVERSION = YES;
				GCC_WARN_ABOUT_RETURN_TYPE = YES_ERROR;
				GCC_WARN_UNDECLARED_SELECTOR = YES;
				GCC_WARN_UNINITIALIZED_AUTOS = YES_AGGRESSIVE;
				GCC_WARN_UNUSED_FUNCTION = YES;
				GCC_WARN_UNUSED_VARIABLE = YES;
				IPHONEOS_DEPLOYMENT_TARGET = 16.0;
				MTL_ENABLE_DEBUG_INFO = NO;
				MTL_FAST_MATH = YES;
				SDKROOT = iphoneos;
				SWIFT_COMPILATION_MODE = wholemodule;
				SWIFT_OPTIMIZATION_LEVEL = "-O";
				VALIDATE_PRODUCT = YES;
			};
			name = Release;
		};
		60A5D2C028FABC690000B7CA /* Debug */ = {
			isa = XCBuildConfiguration;
			buildSettings = {
				ASSETCATALOG_COMPILER_APPICON_NAME = AppIcon;
				ASSETCATALOG_COMPILER_GLOBAL_ACCENT_COLOR_NAME = AccentColor;
				CODE_SIGN_STYLE = Automatic;
				CURRENT_PROJECT_VERSION = 1;
				DEVELOPMENT_ASSET_PATHS = "\"CryptoTracker/Preview Content\"";
				ENABLE_PREVIEWS = YES;
				GENERATE_INFOPLIST_FILE = YES;
				INFOPLIST_KEY_UIApplicationSceneManifest_Generation = YES;
				INFOPLIST_KEY_UIApplicationSupportsIndirectInputEvents = YES;
				INFOPLIST_KEY_UILaunchScreen_Generation = YES;
				INFOPLIST_KEY_UISupportedInterfaceOrientations = UIInterfaceOrientationPortrait;
				LD_RUNPATH_SEARCH_PATHS = (
					"$(inherited)",
					"@executable_path/Frameworks",
				);
				MARKETING_VERSION = 1.0;
				PRODUCT_BUNDLE_IDENTIFIER = com.devckrishna.CryptoTracker;
				PRODUCT_NAME = "$(TARGET_NAME)";
				SWIFT_EMIT_LOC_STRINGS = YES;
				SWIFT_VERSION = 5.0;
				TARGETED_DEVICE_FAMILY = "1,2";
			};
			name = Debug;
		};
		60A5D2C128FABC690000B7CA /* Release */ = {
			isa = XCBuildConfiguration;
			buildSettings = {
				ASSETCATALOG_COMPILER_APPICON_NAME = AppIcon;
				ASSETCATALOG_COMPILER_GLOBAL_ACCENT_COLOR_NAME = AccentColor;
				CODE_SIGN_STYLE = Automatic;
				CURRENT_PROJECT_VERSION = 1;
				DEVELOPMENT_ASSET_PATHS = "\"CryptoTracker/Preview Content\"";
				ENABLE_PREVIEWS = YES;
				GENERATE_INFOPLIST_FILE = YES;
				INFOPLIST_KEY_UIApplicationSceneManifest_Generation = YES;
				INFOPLIST_KEY_UIApplicationSupportsIndirectInputEvents = YES;
				INFOPLIST_KEY_UILaunchScreen_Generation = YES;
				INFOPLIST_KEY_UISupportedInterfaceOrientations = UIInterfaceOrientationPortrait;
				LD_RUNPATH_SEARCH_PATHS = (
					"$(inherited)",
					"@executable_path/Frameworks",
				);
				MARKETING_VERSION = 1.0;
				PRODUCT_BUNDLE_IDENTIFIER = com.devckrishna.CryptoTracker;
				PRODUCT_NAME = "$(TARGET_NAME)";
				SWIFT_EMIT_LOC_STRINGS = YES;
				SWIFT_VERSION = 5.0;
				TARGETED_DEVICE_FAMILY = "1,2";
			};
			name = Release;
		};
/* End XCBuildConfiguration section */

/* Begin XCConfigurationList section */
		60A5D2AC28FABC680000B7CA /* Build configuration list for PBXProject "CryptoTracker" */ = {
			isa = XCConfigurationList;
			buildConfigurations = (
				60A5D2BD28FABC690000B7CA /* Debug */,
				60A5D2BE28FABC690000B7CA /* Release */,
			);
			defaultConfigurationIsVisible = 0;
			defaultConfigurationName = Release;
		};
		60A5D2BF28FABC690000B7CA /* Build configuration list for PBXNativeTarget "CryptoTracker" */ = {
			isa = XCConfigurationList;
			buildConfigurations = (
				60A5D2C028FABC690000B7CA /* Debug */,
				60A5D2C128FABC690000B7CA /* Release */,
			);
			defaultConfigurationIsVisible = 0;
			defaultConfigurationName = Release;
		};
/* End XCConfigurationList section */

/* Begin XCVersionGroup section */
		602D46B2290179900016F90A /* PortfolioContainer.xcdatamodeld */ = {
			isa = XCVersionGroup;
			children = (
				602D46B3290179900016F90A /* PortfolioContainer.xcdatamodel */,
			);
			currentVersion = 602D46B3290179900016F90A /* PortfolioContainer.xcdatamodel */;
			path = PortfolioContainer.xcdatamodeld;
			sourceTree = "<group>";
			versionGroupType = wrapper.xcdatamodel;
		};
/* End XCVersionGroup section */
	};
	rootObject = 60A5D2A928FABC680000B7CA /* Project object */;
}
